
Microsoft Visual Studio Solution File, Format Version 12.00
# Visual Studio Version 16
VisualStudioVersion = 16.0.30804.86
MinimumVisualStudioVersion = 10.0.40219.1
Project("{888888A0-9F3D-457C-B088-3A5042F75D52}") = "DoublyLinkedList", "DoublyLinkedList.pyproj", "{A11E2640-725C-4A1B-8027-BCF550732322}"
EndProject
Global
	GlobalSection(SolutionConfigurationPlatforms) = preSolution
		Debug|Any CPU = Debug|Any CPU
		Release|Any CPU = Release|Any CPU
	EndGlobalSection
	GlobalSection(ProjectConfigurationPlatforms) = postSolution
		{A11E2640-725C-4A1B-8027-BCF550732322}.Debug|Any CPU.ActiveCfg = Debug|Any CPU
		{A11E2640-725C-4A1B-8027-BCF550732322}.Release|Any CPU.ActiveCfg = Release|Any CPU
	EndGlobalSection
	GlobalSection(SolutionProperties) = preSolution
		HideSolutionNode = FALSE
	EndGlobalSection
	GlobalSection(ExtensibilityGlobals) = postSolution
		SolutionGuid = {E9C2B67E-80C0-48E2-BE6D-722D51760C80}
	EndGlobalSection
EndGlobal
